
Microsoft Visual Studio Solution File, Format Version 12.00
# Visual Studio 2015
Project("{FAE04EC0-301F-11D3-BF4B-00C04F79EFBC}") = "ArtificialJamNov2016.CSharp", "ArtificialJamNov2016.CSharp.csproj", "{D4A41E75-7145-6919-0A28-C98F97023AD7}"
EndProject
Global
	GlobalSection(SolutionConfigurationPlatforms) = preSolution
		Debug|Any CPU = Debug|Any CPU
		Release|Any CPU = Release|Any CPU
	EndGlobalSection
	GlobalSection(ProjectConfigurationPlatforms) = postSolution
		{D4A41E75-7145-6919-0A28-C98F97023AD7}.Debug|Any CPU.ActiveCfg = Debug|Any CPU
		{D4A41E75-7145-6919-0A28-C98F97023AD7}.Debug|Any CPU.Build.0 = Debug|Any CPU
		{D4A41E75-7145-6919-0A28-C98F97023AD7}.Release|Any CPU.ActiveCfg = Release|Any CPU
		{D4A41E75-7145-6919-0A28-C98F97023AD7}.Release|Any CPU.Build.0 = Release|Any CPU
	EndGlobalSection
	GlobalSection(SolutionProperties) = preSolution
		HideSolutionNode = FALSE
	EndGlobalSection
EndGlobal
