Microsoft Visual Studio Solution File, Format Version 11.00
# Visual Studio 2008

Project("{7E0EC4AE-44AB-585A-C6D9-1ED2140932E4}") = "ArtificialJamNov2016", "Assembly-CSharp.csproj", "{EDF9BF90-A249-E94C-42E5-8B66101A0FE7}"
EndProject
Global
	GlobalSection(SolutionConfigurationPlatforms) = preSolution
		Debug|Any CPU = Debug|Any CPU
		Release|Any CPU = Release|Any CPU
	EndGlobalSection
	GlobalSection(ProjectConfigurationPlatforms) = postSolution
		{EDF9BF90-A249-E94C-42E5-8B66101A0FE7}.Debug|Any CPU.ActiveCfg = Debug|Any CPU
		{EDF9BF90-A249-E94C-42E5-8B66101A0FE7}.Debug|Any CPU.Build.0 = Debug|Any CPU
		{EDF9BF90-A249-E94C-42E5-8B66101A0FE7}.Release|Any CPU.ActiveCfg = Release|Any CPU
		{EDF9BF90-A249-E94C-42E5-8B66101A0FE7}.Release|Any CPU.Build.0 = Release|Any CPU
	EndGlobalSection
	GlobalSection(SolutionProperties) = preSolution
		HideSolutionNode = FALSE
	EndGlobalSection
	GlobalSection(MonoDevelopProperties) = preSolution
		StartupItem = Assembly-CSharp.csproj
	EndGlobalSection
EndGlobal
